lockfileVersion: '9.0'

settings:
  autoInstallPeers: true
  excludeLinksFromLockfile: false

importers:

  .:
    dependencies:
      signal-polyfill:
        specifier: ^0.2.2
        version: 0.2.2
    devDependencies:
      typescript:
        specifier: ^5.7.3
        version: 5.7.3

packages:

  signal-polyfill@0.2.2:
    resolution: {integrity: sha512-p63Y4Er5/eMQ9RHg0M0Y64NlsQKpiu6MDdhBXpyywRuWiPywhJTpKJ1iB5K2hJEbFZ0BnDS7ZkJ+0AfTuL37Rg==}

  typescript@5.7.3:
    resolution: {integrity: sha512-84MVSjMEHP+FQRPy3pX9sTVV/INIex71s9TL2Gm5FG/WG1SqXeKyZ0k7/blY/4FdOzI12CBy1vGc4og/eus0fw==}
    engines: {node: '>=14.17'}
    hasBin: true

snapshots:

  signal-polyfill@0.2.2: {}

  typescript@5.7.3: {}
